
Microsoft Visual Studio Solution File, Format Version 12.00
# Visual Studio Version 16
VisualStudioVersion = 16.0.31702.278
MinimumVisualStudioVersion = 10.0.40219.1
Project("{FAE04EC0-301F-11D3-BF4B-00C04F79EFBC}") = "LocalDatabase.Android", "LocalDatabase\LocalDatabase.Android\LocalDatabase.Android.csproj", "{FC6B15BA-7D11-4EAD-8BA4-4DC07DF4AB79}"
EndProject
Project("{FAE04EC0-301F-11D3-BF4B-00C04F79EFBC}") = "LocalDatabase", "LocalDatabase\LocalDatabase\LocalDatabase.csproj", "{77C175A0-6022-4C93-870C-C6B91C27F591}"
EndProject
Global
	GlobalSection(SolutionConfigurationPlatforms) = preSolution
		Debug|Any CPU = Debug|Any CPU
		Release|Any CPU = Release|Any CPU
	EndGlobalSection
	GlobalSection(ProjectConfigurationPlatforms) = postSolution
		{FC6B15BA-7D11-4EAD-8BA4-4DC07DF4AB79}.Debug|Any CPU.ActiveCfg = Debug|Any CPU
		{FC6B15BA-7D11-4EAD-8BA4-4DC07DF4AB79}.Debug|Any CPU.Build.0 = Debug|Any CPU
		{FC6B15BA-7D11-4EAD-8BA4-4DC07DF4AB79}.Debug|Any CPU.Deploy.0 = Debug|Any CPU
		{FC6B15BA-7D11-4EAD-8BA4-4DC07DF4AB79}.Release|Any CPU.ActiveCfg = Release|Any CPU
		{FC6B15BA-7D11-4EAD-8BA4-4DC07DF4AB79}.Release|Any CPU.Build.0 = Release|Any CPU
		{FC6B15BA-7D11-4EAD-8BA4-4DC07DF4AB79}.Release|Any CPU.Deploy.0 = Release|Any CPU
		{77C175A0-6022-4C93-870C-C6B91C27F591}.Debug|Any CPU.ActiveCfg = Debug|Any CPU
		{77C175A0-6022-4C93-870C-C6B91C27F591}.Debug|Any CPU.Build.0 = Debug|Any CPU
		{77C175A0-6022-4C93-870C-C6B91C27F591}.Debug|Any CPU.Deploy.0 = Debug|Any CPU
		{77C175A0-6022-4C93-870C-C6B91C27F591}.Release|Any CPU.ActiveCfg = Release|Any CPU
		{77C175A0-6022-4C93-870C-C6B91C27F591}.Release|Any CPU.Build.0 = Release|Any CPU
		{77C175A0-6022-4C93-870C-C6B91C27F591}.Release|Any CPU.Deploy.0 = Release|Any CPU
	EndGlobalSection
	GlobalSection(SolutionProperties) = preSolution
		HideSolutionNode = FALSE
	EndGlobalSection
	GlobalSection(ExtensibilityGlobals) = postSolution
		SolutionGuid = {A09FC0F9-CAF6-4111-83FD-931F9634E2A0}
	EndGlobalSection
EndGlobal
